github.com/issue9/assert/v4 v4.3.1 h1:dHYODk1yV7j/1baIB6K6UggI4r1Hfuljqic7PaDbwLg=
github.com/issue9/assert/v4 v4.3.1/go.mod h1:v7qDRXi7AsaZZNh8eAK2rkLJg5/clztqQGA1DRv9Lv4=
github.com/issue9/localeutil v0.29.3 h1:0vjaaK0oYlZBUIx3d/MLpi+TcIJZhrPaE937mKIDWg0=
github.com/issue9/localeutil v0.29.3/go.mod h1:SkQPvuU3Hu/DdxqU+DOlEjpFOhP5J1POajWkGTtPcIc=
golang.org/x/text v0.23.0 h1:D71I7dUrlY+VX0gQShAThNGHFxZ13dGLBHQLVl1mJlY=
golang.org/x/text v0.23.0/go.mod h1:/BLNzu4aZCJ1+kcD0DNRotWKage4q2rGVAg4o22unh4=
